// !$*UTF8*$!
{
	archiveVersion = 1;
	classes = {
	};
	objectVersion = 46;
	objects = {

/* Begin PBXBuildFile section */
		4914869C7FEEB3FBF83F3E39 /* Pods_BuildingCenterTests.framework in Frameworks */ = {isa = PBXBuildFile; fileRef = 43BC750BE44098288C7937F8 /* Pods_BuildingCenterTests.framework */; };
		5F58DFC41F1E560C004159D3 /* SelectGuiderViewController.swift in Sources */ = {isa = PBXBuildFile; fileRef = 5F58DFC31F1E560C004159D3 /* SelectGuiderViewController.swift */; };
		5F700B331F349B7E00D8C138 /* LaunchViewController.swift in Sources */ = {isa = PBXBuildFile; fileRef = 5F700B321F349B7E00D8C138 /* LaunchViewController.swift */; };
		5F7DA15A1F91BD750051FE21 /* WritingAreaViewCell.swift in Sources */ = {isa = PBXBuildFile; fileRef = 5F7DA1591F91BD750051FE21 /* WritingAreaViewCell.swift */; };
		5F8C48581F4DB6C0006E7BEB /* Databasehelper.swift in Sources */ = {isa = PBXBuildFile; fileRef = 5F8C48571F4DB6C0006E7BEB /* Databasehelper.swift */; };
		5F8C485A1F544E9E006E7BEB /* ZoneItem.swift in Sources */ = {isa = PBXBuildFile; fileRef = 5F8C48591F544E9E006E7BEB /* ZoneItem.swift */; };
		5F8C48601F5E94F9006E7BEB /* DBColExpress.swift in Sources */ = {isa = PBXBuildFile; fileRef = 5F8C485F1F5E94F9006E7BEB /* DBColExpress.swift */; };
		5F8C48621F5ED5B4006E7BEB /* ModeItem.swift in Sources */ = {isa = PBXBuildFile; fileRef = 5F8C48611F5ED5B4006E7BEB /* ModeItem.swift */; };
		5F8C48641F619DC0006E7BEB /* DeviceItem.swift in Sources */ = {isa = PBXBuildFile; fileRef = 5F8C48631F619DC0006E7BEB /* DeviceItem.swift */; };
		5F8C48661F63D5F7006E7BEB /* CompanyItem.swift in Sources */ = {isa = PBXBuildFile; fileRef = 5F8C48651F63D5F7006E7BEB /* CompanyItem.swift */; };
		5F8C48681F67C858006E7BEB /* ImageExtension.swift in Sources */ = {isa = PBXBuildFile; fileRef = 5F8C48671F67C858006E7BEB /* ImageExtension.swift */; };
		5F8C48A41F7A91E3006E7BEB /* ImageDownload.swift in Sources */ = {isa = PBXBuildFile; fileRef = 5F8C48A31F7A91E3006E7BEB /* ImageDownload.swift */; };
		5F8C48A81F84E296006E7BEB /* BeaconItem.swift in Sources */ = {isa = PBXBuildFile; fileRef = 5F8C48A71F84E296006E7BEB /* BeaconItem.swift */; };
		5F8C48AA1F85025C006E7BEB /* HintItem.swift in Sources */ = {isa = PBXBuildFile; fileRef = 5F8C48A91F85025C006E7BEB /* HintItem.swift */; };
		5F8C48AC1F8E517A006E7BEB /* ResultViewController.swift in Sources */ = {isa = PBXBuildFile; fileRef = 5F8C48AB1F8E5179006E7BEB /* ResultViewController.swift */; };
		5FE9713D1F1C9F0A005EDE58 /* AppDelegate.swift in Sources */ = {isa = PBXBuildFile; fileRef = 5FE9713C1F1C9F0A005EDE58 /* AppDelegate.swift */; };
		5FE9713F1F1C9F0A005EDE58 /* ViewController.swift in Sources */ = {isa = PBXBuildFile; fileRef = 5FE9713E1F1C9F0A005EDE58 /* ViewController.swift */; };
		5FE971421F1C9F0A005EDE58 /* Main.storyboard in Resources */ = {isa = PBXBuildFile; fileRef = 5FE971401F1C9F0A005EDE58 /* Main.storyboard */; };
		5FE971441F1C9F0A005EDE58 /* Assets.xcassets in Resources */ = {isa = PBXBuildFile; fileRef = 5FE971431F1C9F0A005EDE58 /* Assets.xcassets */; };
		5FE971471F1C9F0A005EDE58 /* LaunchScreen.storyboard in Resources */ = {isa = PBXBuildFile; fileRef = 5FE971451F1C9F0A005EDE58 /* LaunchScreen.storyboard */; };
		5FE971521F1C9F0A005EDE58 /* BuildingCenterTests.swift in Sources */ = {isa = PBXBuildFile; fileRef = 5FE971511F1C9F0A005EDE58 /* BuildingCenterTests.swift */; };
		5FE9715D1F1C9F0A005EDE58 /* BuildingCenterUITests.swift in Sources */ = {isa = PBXBuildFile; fileRef = 5FE9715C1F1C9F0A005EDE58 /* BuildingCenterUITests.swift */; };
		5FE9716B1F1CA3D2005EDE58 /* BeginViewController.swift in Sources */ = {isa = PBXBuildFile; fileRef = 5FE9716A1F1CA3D2005EDE58 /* BeginViewController.swift */; };
		5FE9716D1F1CB4F5005EDE58 /* AboutOneViewController.swift in Sources */ = {isa = PBXBuildFile; fileRef = 5FE9716C1F1CB4F5005EDE58 /* AboutOneViewController.swift */; };
		5FE9716F1F1CB56B005EDE58 /* AboutTwoViewController.swift in Sources */ = {isa = PBXBuildFile; fileRef = 5FE9716E1F1CB56B005EDE58 /* AboutTwoViewController.swift */; };
		5FE971711F1CB5A6005EDE58 /* AboutThreeViewController.swift in Sources */ = {isa = PBXBuildFile; fileRef = 5FE971701F1CB5A6005EDE58 /* AboutThreeViewController.swift */; };
		709EB43E1F5D2C05007665E3 /* WritingViewController.swift in Sources */ = {isa = PBXBuildFile; fileRef = 709EB43D1F5D2C02007665E3 /* WritingViewController.swift */; };
		70C57B661F27E76B00F83F77 /* HipsterViewController.swift in Sources */ = {isa = PBXBuildFile; fileRef = 70C57B651F27E76B00F83F77 /* HipsterViewController.swift */; };
		70C57B681F27F00500F83F77 /* SelectViewController.swift in Sources */ = {isa = PBXBuildFile; fileRef = 70C57B671F27F00500F83F77 /* SelectViewController.swift */; };
		76274EEB1F82609B00E607DE /* BleScannerWrapper.m in Sources */ = {isa = PBXBuildFile; fileRef = 76274EE51F825E9F00E607DE /* BleScannerWrapper.m */; };
		76274EEC1F8260BA00E607DE /* BLE.m in Sources */ = {isa = PBXBuildFile; fileRef = 76274EE71F825EA900E607DE /* BLE.m */; };
		762D8D421F1E74EF004295A9 /* AreaViewController.swift in Sources */ = {isa = PBXBuildFile; fileRef = 762D8D411F1E74EF004295A9 /* AreaViewController.swift */; };
		762D8D481F1E752E004295A9 /* MapViewController.swift in Sources */ = {isa = PBXBuildFile; fileRef = 762D8D471F1E752E004295A9 /* MapViewController.swift */; };
		762D8D4B1F1E7541004295A9 /* QuestionViewController.swift in Sources */ = {isa = PBXBuildFile; fileRef = 762D8D4A1F1E7541004295A9 /* QuestionViewController.swift */; };
		762D8D4D1F1E7553004295A9 /* LandscapeViewController.swift in Sources */ = {isa = PBXBuildFile; fileRef = 762D8D4C1F1E7553004295A9 /* LandscapeViewController.swift */; };
		762D8D4F1F1E7558004295A9 /* ModeIntroViewController.swift in Sources */ = {isa = PBXBuildFile; fileRef = 762D8D4E1F1E7558004295A9 /* ModeIntroViewController.swift */; };
		762D8D511F1E755F004295A9 /* ModeContentViewController.swift in Sources */ = {isa = PBXBuildFile; fileRef = 762D8D501F1E755F004295A9 /* ModeContentViewController.swift */; };
		762D8D531F1E7565004295A9 /* ModeSelectViewController.swift in Sources */ = {isa = PBXBuildFile; fileRef = 762D8D521F1E7565004295A9 /* ModeSelectViewController.swift */; };
		7652CF511F57F78500F7F733 /* DatabaseUtilizer.swift in Sources */ = {isa = PBXBuildFile; fileRef = 7652CF501F57F78500F7F733 /* DatabaseUtilizer.swift */; };
		7652CF561F57F8CC00F7F733 /* Localizable.strings in Resources */ = {isa = PBXBuildFile; fileRef = 7652CF581F57F8CC00F7F733 /* Localizable.strings */; };
		7652CF5B1F57F91D00F7F733 /* StringExtension.swift in Sources */ = {isa = PBXBuildFile; fileRef = 7652CF5A1F57F91D00F7F733 /* StringExtension.swift */; };
		7658BA8B1F39B94000C1552B /* MainPageViewController.swift in Sources */ = {isa = PBXBuildFile; fileRef = 7658BA8A1F39B94000C1552B /* MainPageViewController.swift */; };
		76705BAE1F555F0E00047414 /* GuiderHintViewController.swift in Sources */ = {isa = PBXBuildFile; fileRef = 76705BAD1F555F0E00047414 /* GuiderHintViewController.swift */; };
		76705BB01F55643A00047414 /* ModeHintViewController.swift in Sources */ = {isa = PBXBuildFile; fileRef = 76705BAF1F55643A00047414 /* ModeHintViewController.swift */; };
		76705BB21F556DF000047414 /* ModeContentHintViewController.swift in Sources */ = {isa = PBXBuildFile; fileRef = 76705BB11F556DF000047414 /* ModeContentHintViewController.swift */; };
		76705BB41F5585A000047414 /* InfoHintViewController.swift in Sources */ = {isa = PBXBuildFile; fileRef = 76705BB31F5585A000047414 /* InfoHintViewController.swift */; };
		76705BB61F5585BC00047414 /* QuestionHintViewController.swift in Sources */ = {isa = PBXBuildFile; fileRef = 76705BB51F5585BC00047414 /* QuestionHintViewController.swift */; };
		767330531F9611A200A34A6A /* TemplateItem.swift in Sources */ = {isa = PBXBuildFile; fileRef = 767330521F9611A200A34A6A /* TemplateItem.swift */; };
		769FF6A81F20ECEE00153C87 /* FeedbackHintViewController.swift in Sources */ = {isa = PBXBuildFile; fileRef = 769FF6A71F20ECEE00153C87 /* FeedbackHintViewController.swift */; };
		76B26B5A1F947EE600FFA2D4 /* HipsterItem.swift in Sources */ = {isa = PBXBuildFile; fileRef = 76B26B591F947EE600FFA2D4 /* HipsterItem.swift */; };
		76BC98711F1F961D005A3BEC /* MapInstructionViewController.swift in Sources */ = {isa = PBXBuildFile; fileRef = 76BC98701F1F961D005A3BEC /* MapInstructionViewController.swift */; };
		76C178351F6BCD770050CAB0 /* DeviceImageViewController.swift in Sources */ = {isa = PBXBuildFile; fileRef = 76C178341F6BCD770050CAB0 /* DeviceImageViewController.swift */; };
		76CE4F8E1F5E5796008219D4 /* ModeContentDetailViewController.swift in Sources */ = {isa = PBXBuildFile; fileRef = 76CE4F8D1F5E5796008219D4 /* ModeContentDetailViewController.swift */; };
		76CE4F921F5E8E0C008219D4 /* ModeContentDetailViewController2.swift in Sources */ = {isa = PBXBuildFile; fileRef = 76CE4F911F5E8E0C008219D4 /* ModeContentDetailViewController2.swift */; };
		76CE4F941F5E9665008219D4 /* PageViewController.swift in Sources */ = {isa = PBXBuildFile; fileRef = 76CE4F931F5E9665008219D4 /* PageViewController.swift */; };
		76E395541F6AC8700003E6C6 /* ModeContentDetailViewController1.swift in Sources */ = {isa = PBXBuildFile; fileRef = 76E395531F6AC8700003E6C6 /* ModeContentDetailViewController1.swift */; };
		76EB971A1F27871500DAEB03 /* MapNavigationViewController.swift in Sources */ = {isa = PBXBuildFile; fileRef = 76EB97191F27871500DAEB03 /* MapNavigationViewController.swift */; };
		76EB971C1F2799E000DAEB03 /* map.svg in Resources */ = {isa = PBXBuildFile; fileRef = 76EB971B1F2799E000DAEB03 /* map.svg */; };
		76EB971E1F27A88700DAEB03 /* FirmInfoViewController.swift in Sources */ = {isa = PBXBuildFile; fileRef = 76EB971D1F27A88700DAEB03 /* FirmInfoViewController.swift */; };
		76ED5B1B1F6136400085D4F5 /* ModeCollectionViewCell.swift in Sources */ = {isa = PBXBuildFile; fileRef = 76ED5B1A1F6136400085D4F5 /* ModeCollectionViewCell.swift */; };
		933E3CE478B22CB16A6A1A3E /* Pods_BuildingCenterUITests.framework in Frameworks */ = {isa = PBXBuildFile; fileRef = 13617F0FAF90C9CB493A56D2 /* Pods_BuildingCenterUITests.framework */; };
		A20453DE1F50FF0200162025 /* Qn4ViewController.swift in Sources */ = {isa = PBXBuildFile; fileRef = A20453DD1F50FF0200162025 /* Qn4ViewController.swift */; };
		A20453E01F50FF1100162025 /* Qn5ViewController.swift in Sources */ = {isa = PBXBuildFile; fileRef = A20453DF1F50FF1100162025 /* Qn5ViewController.swift */; };
		A20453E21F50FF1B00162025 /* Qn6ViewController.swift in Sources */ = {isa = PBXBuildFile; fileRef = A20453E11F50FF1B00162025 /* Qn6ViewController.swift */; };
		A20453E41F50FF2800162025 /* Qn7ViewController.swift in Sources */ = {isa = PBXBuildFile; fileRef = A20453E31F50FF2800162025 /* Qn7ViewController.swift */; };
		A20453E61F50FF3400162025 /* Qn8ViewController.swift in Sources */ = {isa = PBXBuildFile; fileRef = A20453E51F50FF3400162025 /* Qn8ViewController.swift */; };
		A22657941F43CC2900668EDF /* Q4ViewController.swift in Sources */ = {isa = PBXBuildFile; fileRef = A22657931F43CC2900668EDF /* Q4ViewController.swift */; };
		A226579A1F43CCCB00668EDF /* Q5ViewController.swift in Sources */ = {isa = PBXBuildFile; fileRef = A22657991F43CCCB00668EDF /* Q5ViewController.swift */; };
		A226579C1F43CCD500668EDF /* Q6ViewController.swift in Sources */ = {isa = PBXBuildFile; fileRef = A226579B1F43CCD500668EDF /* Q6ViewController.swift */; };
		A226579F1F43CCF500668EDF /* Q7ViewController.swift in Sources */ = {isa = PBXBuildFile; fileRef = A226579E1F43CCF500668EDF /* Q7ViewController.swift */; };
		A22657A11F43CD0000668EDF /* Q8ViewController.swift in Sources */ = {isa = PBXBuildFile; fileRef = A22657A01F43CD0000668EDF /* Q8ViewController.swift */; };
		A22657A31F43CD0D00668EDF /* Q9ViewController.swift in Sources */ = {isa = PBXBuildFile; fileRef = A22657A21F43CD0D00668EDF /* Q9ViewController.swift */; };
		A22657A51F43CD1D00668EDF /* Q10ViewController.swift in Sources */ = {isa = PBXBuildFile; fileRef = A22657A41F43CD1D00668EDF /* Q10ViewController.swift */; };
		A22657A71F43CD2900668EDF /* Q11ViewController.swift in Sources */ = {isa = PBXBuildFile; fileRef = A22657A61F43CD2900668EDF /* Q11ViewController.swift */; };
		A22657A91F43CD3300668EDF /* Q12ViewController.swift in Sources */ = {isa = PBXBuildFile; fileRef = A22657A81F43CD3300668EDF /* Q12ViewController.swift */; };
		A22C411D1F4AB1C200BCB043 /* QuestionnaireViewController.swift in Sources */ = {isa = PBXBuildFile; fileRef = A22C411C1F4AB1C200BCB043 /* QuestionnaireViewController.swift */; };
		A22C411F1F4AB6FA00BCB043 /* RadioButton.swift in Sources */ = {isa = PBXBuildFile; fileRef = A22C411E1F4AB6FA00BCB043 /* RadioButton.swift */; };
		A23875281F3AC8CF00D9FB90 /* Q2ViewController.swift in Sources */ = {isa = PBXBuildFile; fileRef = A23875271F3AC8CF00D9FB90 /* Q2ViewController.swift */; };
		A238752A1F3AC9F400D9FB90 /* Q3ViewController.swift in Sources */ = {isa = PBXBuildFile; fileRef = A23875291F3AC9F400D9FB90 /* Q3ViewController.swift */; };
		A23FCA191F4ECE7900A91294 /* bg.jpg in Resources */ = {isa = PBXBuildFile; fileRef = A23FCA181F4ECE7900A91294 /* bg.jpg */; };
		A23FCA1F1F4ECE9400A91294 /* index.css in Resources */ = {isa = PBXBuildFile; fileRef = A23FCA1A1F4ECE9400A91294 /* index.css */; };
		A23FCA201F4ECE9400A91294 /* index.html in Resources */ = {isa = PBXBuildFile; fileRef = A23FCA1B1F4ECE9400A91294 /* index.html */; };
		A23FCA211F4ECE9400A91294 /* jquery-1.11.3.min.js in Resources */ = {isa = PBXBuildFile; fileRef = A23FCA1C1F4ECE9400A91294 /* jquery-1.11.3.min.js */; };
		A23FCA221F4ECE9400A91294 /* Map_1F.svg in Resources */ = {isa = PBXBuildFile; fileRef = A23FCA1D1F4ECE9400A91294 /* Map_1F.svg */; };
		A23FCA231F4ECE9400A91294 /* Map_2F.svg in Resources */ = {isa = PBXBuildFile; fileRef = A23FCA1E1F4ECE9400A91294 /* Map_2F.svg */; };
		A23FCA271F4EF82700A91294 /* ZHDropDownMenu.swift in Sources */ = {isa = PBXBuildFile; fileRef = A23FCA261F4EF82700A91294 /* ZHDropDownMenu.swift */; };
		A23FCA291F4F052A00A91294 /* default_down.png in Resources */ = {isa = PBXBuildFile; fileRef = A23FCA281F4F052A00A91294 /* default_down.png */; };
		A23FCA2B1F4F115300A91294 /* Qn2ViewController.swift in Sources */ = {isa = PBXBuildFile; fileRef = A23FCA2A1F4F115300A91294 /* Qn2ViewController.swift */; };
		A23FCA2D1F4F116600A91294 /* Qn3ViewController.swift in Sources */ = {isa = PBXBuildFile; fileRef = A23FCA2C1F4F116600A91294 /* Qn3ViewController.swift */; };
		A277C5871F7F470B00B5DD6B /* DropMenuButton.swift in Sources */ = {isa = PBXBuildFile; fileRef = A277C5861F7F470B00B5DD6B /* DropMenuButton.swift */; };
		A2B636701F91EA01001BA701 /* button.m4a in Resources */ = {isa = PBXBuildFile; fileRef = A2B6366F1F91EA01001BA701 /* button.m4a */; };
		EBDCDB62C04C9755E5E4DA09 /* Pods_BuildingCenter.framework in Frameworks */ = {isa = PBXBuildFile; fileRef = 6872238074D4F91B1AC87B03 /* Pods_BuildingCenter.framework */; };
/* End PBXBuildFile section */

/* Begin PBXContainerItemProxy section */
		5FE9714E1F1C9F0A005EDE58 /* PBXContainerItemProxy */ = {
			isa = PBXContainerItemProxy;
			containerPortal = 5FE971311F1C9F09005EDE58 /* Project object */;
			proxyType = 1;
			remoteGlobalIDString = 5FE971381F1C9F09005EDE58;
			remoteInfo = BuildingCenter;
		};
		5FE971591F1C9F0A005EDE58 /* PBXContainerItemProxy */ = {
			isa = PBXContainerItemProxy;
			containerPortal = 5FE971311F1C9F09005EDE58 /* Project object */;
			proxyType = 1;
			remoteGlobalIDString = 5FE971381F1C9F09005EDE58;
			remoteInfo = BuildingCenter;
		};
/* End PBXContainerItemProxy section */

/* Begin PBXFileReference section */
		0259BAA4781C8754985C0278 /* Pods-BuildingCenterTests.debug.xcconfig */ = {isa = PBXFileReference; includeInIndex = 1; lastKnownFileType = text.xcconfig; name = "Pods-BuildingCenterTests.debug.xcconfig"; path = "Pods/Target Support Files/Pods-BuildingCenterTests/Pods-BuildingCenterTests.debug.xcconfig"; sourceTree = "<group>"; };
		0BBB8D9874B006F616E35409 /* Pods-BuildingCenter.debug.xcconfig */ = {isa = PBXFileReference; includeInIndex = 1; lastKnownFileType = text.xcconfig; name = "Pods-BuildingCenter.debug.xcconfig"; path = "Pods/Target Support Files/Pods-BuildingCenter/Pods-BuildingCenter.debug.xcconfig"; sourceTree = "<group>"; };
		13617F0FAF90C9CB493A56D2 /* Pods_BuildingCenterUITests.framework */ = {isa = PBXFileReference; explicitFileType = wrapper.framework; includeInIndex = 0; path = Pods_BuildingCenterUITests.framework; sourceTree = BUILT_PRODUCTS_DIR; };
		230B9AA56509C017F855A511 /* Pods-BuildingCenterUITests.release.xcconfig */ = {isa = PBXFileReference; includeInIndex = 1; lastKnownFileType = text.xcconfig; name = "Pods-BuildingCenterUITests.release.xcconfig"; path = "Pods/Target Support Files/Pods-BuildingCenterUITests/Pods-BuildingCenterUITests.release.xcconfig"; sourceTree = "<group>"; };
		43BC750BE44098288C7937F8 /* Pods_BuildingCenterTests.framework */ = {isa = PBXFileReference; explicitFileType = wrapper.framework; includeInIndex = 0; path = Pods_BuildingCenterTests.framework; sourceTree = BUILT_PRODUCTS_DIR; };
		5F58DFC31F1E560C004159D3 /* SelectGuiderViewController.swift */ = {isa = PBXFileReference; fileEncoding = 4; lastKnownFileType = sourcecode.swift; path = SelectGuiderViewController.swift; sourceTree = "<group>"; };
		5F700B321F349B7E00D8C138 /* LaunchViewController.swift */ = {isa = PBXFileReference; fileEncoding = 4; lastKnownFileType = sourcecode.swift; path = LaunchViewController.swift; sourceTree = "<group>"; };
		5F7DA1591F91BD750051FE21 /* WritingAreaViewCell.swift */ = {isa = PBXFileReference; fileEncoding = 4; lastKnownFileType = sourcecode.swift; path = WritingAreaViewCell.swift; sourceTree = "<group>"; };
		5F8C48571F4DB6C0006E7BEB /* Databasehelper.swift */ = {isa = PBXFileReference; fileEncoding = 4; lastKnownFileType = sourcecode.swift; path = Databasehelper.swift; sourceTree = "<group>"; };
		5F8C48591F544E9E006E7BEB /* ZoneItem.swift */ = {isa = PBXFileReference; fileEncoding = 4; lastKnownFileType = sourcecode.swift; path = ZoneItem.swift; sourceTree = "<group>"; };
		5F8C485F1F5E94F9006E7BEB /* DBColExpress.swift */ = {isa = PBXFileReference; fileEncoding = 4; lastKnownFileType = sourcecode.swift; path = DBColExpress.swift; sourceTree = "<group>"; };
		5F8C48611F5ED5B4006E7BEB /* ModeItem.swift */ = {isa = PBXFileReference; fileEncoding = 4; lastKnownFileType = sourcecode.swift; path = ModeItem.swift; sourceTree = "<group>"; };
		5F8C48631F619DC0006E7BEB /* DeviceItem.swift */ = {isa = PBXFileReference; fileEncoding = 4; lastKnownFileType = sourcecode.swift; path = DeviceItem.swift; sourceTree = "<group>"; };
		5F8C48651F63D5F7006E7BEB /* CompanyItem.swift */ = {isa = PBXFileReference; fileEncoding = 4; lastKnownFileType = sourcecode.swift; path = CompanyItem.swift; sourceTree = "<group>"; };
		5F8C48671F67C858006E7BEB /* ImageExtension.swift */ = {isa = PBXFileReference; fileEncoding = 4; lastKnownFileType = sourcecode.swift; path = ImageExtension.swift; sourceTree = "<group>"; };
		5F8C48A31F7A91E3006E7BEB /* ImageDownload.swift */ = {isa = PBXFileReference; fileEncoding = 4; lastKnownFileType = sourcecode.swift; path = ImageDownload.swift; sourceTree = "<group>"; };
		5F8C48A71F84E296006E7BEB /* BeaconItem.swift */ = {isa = PBXFileReference; fileEncoding = 4; lastKnownFileType = sourcecode.swift; path = BeaconItem.swift; sourceTree = "<group>"; };
		5F8C48A91F85025C006E7BEB /* HintItem.swift */ = {isa = PBXFileReference; fileEncoding = 4; lastKnownFileType = sourcecode.swift; path = HintItem.swift; sourceTree = "<group>"; };
		5F8C48AB1F8E5179006E7BEB /* ResultViewController.swift */ = {isa = PBXFileReference; fileEncoding = 4; lastKnownFileType = sourcecode.swift; path = ResultViewController.swift; sourceTree = "<group>"; };
		5FE971391F1C9F0A005EDE58 /* BuildingCenter.app */ = {isa = PBXFileReference; explicitFileType = wrapper.application; includeInIndex = 0; path = BuildingCenter.app; sourceTree = BUILT_PRODUCTS_DIR; };
		5FE9713C1F1C9F0A005EDE58 /* AppDelegate.swift */ = {isa = PBXFileReference; lastKnownFileType = sourcecode.swift; path = AppDelegate.swift; sourceTree = "<group>"; };
		5FE9713E1F1C9F0A005EDE58 /* ViewController.swift */ = {isa = PBXFileReference; lastKnownFileType = sourcecode.swift; path = ViewController.swift; sourceTree = "<group>"; };
		5FE971411F1C9F0A005EDE58 /* Base */ = {isa = PBXFileReference; lastKnownFileType = file.storyboard; name = Base; path = Base.lproj/Main.storyboard; sourceTree = "<group>"; };
		5FE971431F1C9F0A005EDE58 /* Assets.xcassets */ = {isa = PBXFileReference; lastKnownFileType = folder.assetcatalog; path = Assets.xcassets; sourceTree = "<group>"; };
		5FE971461F1C9F0A005EDE58 /* Base */ = {isa = PBXFileReference; lastKnownFileType = file.storyboard; name = Base; path = Base.lproj/LaunchScreen.storyboard; sourceTree = "<group>"; };
		5FE971481F1C9F0A005EDE58 /* Info.plist */ = {isa = PBXFileReference; lastKnownFileType = text.plist.xml; path = Info.plist; sourceTree = "<group>"; };
		5FE9714D1F1C9F0A005EDE58 /* BuildingCenterTests.xctest */ = {isa = PBXFileReference; explicitFileType = wrapper.cfbundle; includeInIndex = 0; path = BuildingCenterTests.xctest; sourceTree = BUILT_PRODUCTS_DIR; };
		5FE971511F1C9F0A005EDE58 /* BuildingCenterTests.swift */ = {isa = PBXFileReference; lastKnownFileType = sourcecode.swift; path = BuildingCenterTests.swift; sourceTree = "<group>"; };
		5FE971531F1C9F0A005EDE58 /* Info.plist */ = {isa = PBXFileReference; lastKnownFileType = text.plist.xml; path = Info.plist; sourceTree = "<group>"; };
		5FE971581F1C9F0A005EDE58 /* BuildingCenterUITests.xctest */ = {isa = PBXFileReference; explicitFileType = wrapper.cfbundle; includeInIndex = 0; path = BuildingCenterUITests.xctest; sourceTree = BUILT_PRODUCTS_DIR; };
		5FE9715C1F1C9F0A005EDE58 /* BuildingCenterUITests.swift */ = {isa = PBXFileReference; lastKnownFileType = sourcecode.swift; path = BuildingCenterUITests.swift; sourceTree = "<group>"; };
		5FE9715E1F1C9F0A005EDE58 /* Info.plist */ = {isa = PBXFileReference; lastKnownFileType = text.plist.xml; path = Info.plist; sourceTree = "<group>"; };
		5FE9716A1F1CA3D2005EDE58 /* BeginViewController.swift */ = {isa = PBXFileReference; fileEncoding = 4; lastKnownFileType = sourcecode.swift; path = BeginViewController.swift; sourceTree = "<group>"; };
		5FE9716C1F1CB4F5005EDE58 /* AboutOneViewController.swift */ = {isa = PBXFileReference; fileEncoding = 4; lastKnownFileType = sourcecode.swift; path = AboutOneViewController.swift; sourceTree = "<group>"; };
		5FE9716E1F1CB56B005EDE58 /* AboutTwoViewController.swift */ = {isa = PBXFileReference; fileEncoding = 4; lastKnownFileType = sourcecode.swift; path = AboutTwoViewController.swift; sourceTree = "<group>"; };
		5FE971701F1CB5A6005EDE58 /* AboutThreeViewController.swift */ = {isa = PBXFileReference; fileEncoding = 4; lastKnownFileType = sourcecode.swift; path = AboutThreeViewController.swift; sourceTree = "<group>"; };
		6872238074D4F91B1AC87B03 /* Pods_BuildingCenter.framework */ = {isa = PBXFileReference; explicitFileType = wrapper.framework; includeInIndex = 0; path = Pods_BuildingCenter.framework; sourceTree = BUILT_PRODUCTS_DIR; };
		709EB43D1F5D2C02007665E3 /* WritingViewController.swift */ = {isa = PBXFileReference; fileEncoding = 4; lastKnownFileType = sourcecode.swift; path = WritingViewController.swift; sourceTree = "<group>"; };
		70C57B651F27E76B00F83F77 /* HipsterViewController.swift */ = {isa = PBXFileReference; fileEncoding = 4; lastKnownFileType = sourcecode.swift; path = HipsterViewController.swift; sourceTree = "<group>"; };
		70C57B671F27F00500F83F77 /* SelectViewController.swift */ = {isa = PBXFileReference; fileEncoding = 4; lastKnownFileType = sourcecode.swift; path = SelectViewController.swift; sourceTree = "<group>"; };
		76274EE01F825E6200E607DE /* BuildingCenter-Bridging-Header.h */ = {isa = PBXFileReference; lastKnownFileType = sourcecode.c.h; path = "BuildingCenter-Bridging-Header.h"; sourceTree = "<group>"; };
		76274EE31F825E8300E607DE /* MacroDefinition.h */ = {isa = PBXFileReference; lastKnownFileType = sourcecode.c.h; path = MacroDefinition.h; sourceTree = "<group>"; };
		76274EE41F825E9600E607DE /* BleScannerWrapper.h */ = {isa = PBXFileReference; lastKnownFileType = sourcecode.c.h; path = BleScannerWrapper.h; sourceTree = "<group>"; };
		76274EE51F825E9F00E607DE /* BleScannerWrapper.m */ = {isa = PBXFileReference; lastKnownFileType = sourcecode.c.objc; path = BleScannerWrapper.m; sourceTree = "<group>"; };
		76274EE61F825EA900E607DE /* BLEDefines.h */ = {isa = PBXFileReference; lastKnownFileType = sourcecode.c.h; path = BLEDefines.h; sourceTree = "<group>"; };
		76274EE71F825EA900E607DE /* BLE.m */ = {isa = PBXFileReference; lastKnownFileType = sourcecode.c.objc; path = BLE.m; sourceTree = "<group>"; };
		76274EE81F825EAA00E607DE /* BLE.h */ = {isa = PBXFileReference; lastKnownFileType = sourcecode.c.h; path = BLE.h; sourceTree = "<group>"; };
		76274EE91F825EAA00E607DE /* NSData+Base64.m */ = {isa = PBXFileReference; lastKnownFileType = sourcecode.c.objc; path = "NSData+Base64.m"; sourceTree = "<group>"; };
		76274EEA1F825EAA00E607DE /* NSData+Base64.h */ = {isa = PBXFileReference; lastKnownFileType = sourcecode.c.h; path = "NSData+Base64.h"; sourceTree = "<group>"; };
		762D8D411F1E74EF004295A9 /* AreaViewController.swift */ = {isa = PBXFileReference; fileEncoding = 4; lastKnownFileType = sourcecode.swift; path = AreaViewController.swift; sourceTree = "<group>"; };
		762D8D471F1E752E004295A9 /* MapViewController.swift */ = {isa = PBXFileReference; fileEncoding = 4; lastKnownFileType = sourcecode.swift; path = MapViewController.swift; sourceTree = "<group>"; };
		762D8D4A1F1E7541004295A9 /* QuestionViewController.swift */ = {isa = PBXFileReference; fileEncoding = 4; lastKnownFileType = sourcecode.swift; path = QuestionViewController.swift; sourceTree = "<group>"; };
		762D8D4C1F1E7553004295A9 /* LandscapeViewController.swift */ = {isa = PBXFileReference; fileEncoding = 4; lastKnownFileType = sourcecode.swift; path = LandscapeViewController.swift; sourceTree = "<group>"; };
		762D8D4E1F1E7558004295A9 /* ModeIntroViewController.swift */ = {isa = PBXFileReference; fileEncoding = 4; lastKnownFileType = sourcecode.swift; path = ModeIntroViewController.swift; sourceTree = "<group>"; };
		762D8D501F1E755F004295A9 /* ModeContentViewController.swift */ = {isa = PBXFileReference; fileEncoding = 4; lastKnownFileType = sourcecode.swift; path = ModeContentViewController.swift; sourceTree = "<group>"; };
		762D8D521F1E7565004295A9 /* ModeSelectViewController.swift */ = {isa = PBXFileReference; fileEncoding = 4; lastKnownFileType = sourcecode.swift; path = ModeSelectViewController.swift; sourceTree = "<group>"; };
		7652CF501F57F78500F7F733 /* DatabaseUtilizer.swift */ = {isa = PBXFileReference; fileEncoding = 4; lastKnownFileType = sourcecode.swift; path = DatabaseUtilizer.swift; sourceTree = "<group>"; };
		7652CF521F57F84700F7F733 /* zh-Hant */ = {isa = PBXFileReference; lastKnownFileType = text.plist.strings; name = "zh-Hant"; path = "zh-Hant.lproj/Main.strings"; sourceTree = "<group>"; };
		7652CF531F57F84700F7F733 /* zh-Hant */ = {isa = PBXFileReference; lastKnownFileType = text.plist.strings; name = "zh-Hant"; path = "zh-Hant.lproj/LaunchScreen.strings"; sourceTree = "<group>"; };
		7652CF571F57F8CC00F7F733 /* zh-Hant */ = {isa = PBXFileReference; lastKnownFileType = text.plist.strings; name = "zh-Hant"; path = "zh-Hant.lproj/Localizable.strings"; sourceTree = "<group>"; };
		7652CF591F57F8CE00F7F733 /* en */ = {isa = PBXFileReference; lastKnownFileType = text.plist.strings; name = en; path = en.lproj/Localizable.strings; sourceTree = "<group>"; };
		7652CF5A1F57F91D00F7F733 /* StringExtension.swift */ = {isa = PBXFileReference; fileEncoding = 4; lastKnownFileType = sourcecode.swift; path = StringExtension.swift; sourceTree = "<group>"; };
		7658BA8A1F39B94000C1552B /* MainPageViewController.swift */ = {isa = PBXFileReference; fileEncoding = 4; lastKnownFileType = sourcecode.swift; path = MainPageViewController.swift; sourceTree = "<group>"; };
		76705BAD1F555F0E00047414 /* GuiderHintViewController.swift */ = {isa = PBXFileReference; fileEncoding = 4; lastKnownFileType = sourcecode.swift; path = GuiderHintViewController.swift; sourceTree = "<group>"; };
		76705BAF1F55643A00047414 /* ModeHintViewController.swift */ = {isa = PBXFileReference; fileEncoding = 4; lastKnownFileType = sourcecode.swift; path = ModeHintViewController.swift; sourceTree = "<group>"; };
		76705BB11F556DF000047414 /* ModeContentHintViewController.swift */ = {isa = PBXFileReference; fileEncoding = 4; lastKnownFileType = sourcecode.swift; path = ModeContentHintViewController.swift; sourceTree = "<group>"; };
		76705BB31F5585A000047414 /* InfoHintViewController.swift */ = {isa = PBXFileReference; fileEncoding = 4; lastKnownFileType = sourcecode.swift; path = InfoHintViewController.swift; sourceTree = "<group>"; };
		76705BB51F5585BC00047414 /* QuestionHintViewController.swift */ = {isa = PBXFileReference; fileEncoding = 4; lastKnownFileType = sourcecode.swift; path = QuestionHintViewController.swift; sourceTree = "<group>"; };
		767330521F9611A200A34A6A /* TemplateItem.swift */ = {isa = PBXFileReference; lastKnownFileType = sourcecode.swift; path = TemplateItem.swift; sourceTree = "<group>"; };
		769FF6A71F20ECEE00153C87 /* FeedbackHintViewController.swift */ = {isa = PBXFileReference; fileEncoding = 4; lastKnownFileType = sourcecode.swift; path = FeedbackHintViewController.swift; sourceTree = "<group>"; };
		76B26B591F947EE600FFA2D4 /* HipsterItem.swift */ = {isa = PBXFileReference; lastKnownFileType = sourcecode.swift; path = HipsterItem.swift; sourceTree = "<group>"; };
		76BC98701F1F961D005A3BEC /* MapInstructionViewController.swift */ = {isa = PBXFileReference; fileEncoding = 4; lastKnownFileType = sourcecode.swift; path = MapInstructionViewController.swift; sourceTree = "<group>"; };
		76C178341F6BCD770050CAB0 /* DeviceImageViewController.swift */ = {isa = PBXFileReference; fileEncoding = 4; lastKnownFileType = sourcecode.swift; path = DeviceImageViewController.swift; sourceTree = "<group>"; };
		76CE4F8D1F5E5796008219D4 /* ModeContentDetailViewController.swift */ = {isa = PBXFileReference; fileEncoding = 4; lastKnownFileType = sourcecode.swift; path = ModeContentDetailViewController.swift; sourceTree = "<group>"; };
		76CE4F911F5E8E0C008219D4 /* ModeContentDetailViewController2.swift */ = {isa = PBXFileReference; fileEncoding = 4; lastKnownFileType = sourcecode.swift; path = ModeContentDetailViewController2.swift; sourceTree = "<group>"; };
		76CE4F931F5E9665008219D4 /* PageViewController.swift */ = {isa = PBXFileReference; fileEncoding = 4; lastKnownFileType = sourcecode.swift; path = PageViewController.swift; sourceTree = "<group>"; };
		76E395531F6AC8700003E6C6 /* ModeContentDetailViewController1.swift */ = {isa = PBXFileReference; fileEncoding = 4; lastKnownFileType = sourcecode.swift; path = ModeContentDetailViewController1.swift; sourceTree = "<group>"; };
		76EB97191F27871500DAEB03 /* MapNavigationViewController.swift */ = {isa = PBXFileReference; fileEncoding = 4; lastKnownFileType = sourcecode.swift; path = MapNavigationViewController.swift; sourceTree = "<group>"; };
		76EB971B1F2799E000DAEB03 /* map.svg */ = {isa = PBXFileReference; fileEncoding = 4; lastKnownFileType = text.xml; path = map.svg; sourceTree = "<group>"; };
		76EB971D1F27A88700DAEB03 /* FirmInfoViewController.swift */ = {isa = PBXFileReference; fileEncoding = 4; lastKnownFileType = sourcecode.swift; path = FirmInfoViewController.swift; sourceTree = "<group>"; };
		76ED5B1A1F6136400085D4F5 /* ModeCollectionViewCell.swift */ = {isa = PBXFileReference; fileEncoding = 4; lastKnownFileType = sourcecode.swift; path = ModeCollectionViewCell.swift; sourceTree = "<group>"; };
		A20453DD1F50FF0200162025 /* Qn4ViewController.swift */ = {isa = PBXFileReference; fileEncoding = 4; lastKnownFileType = sourcecode.swift; path = Qn4ViewController.swift; sourceTree = "<group>"; };
		A20453DF1F50FF1100162025 /* Qn5ViewController.swift */ = {isa = PBXFileReference; fileEncoding = 4; lastKnownFileType = sourcecode.swift; path = Qn5ViewController.swift; sourceTree = "<group>"; };
		A20453E11F50FF1B00162025 /* Qn6ViewController.swift */ = {isa = PBXFileReference; fileEncoding = 4; lastKnownFileType = sourcecode.swift; path = Qn6ViewController.swift; sourceTree = "<group>"; };
		A20453E31F50FF2800162025 /* Qn7ViewController.swift */ = {isa = PBXFileReference; fileEncoding = 4; lastKnownFileType = sourcecode.swift; path = Qn7ViewController.swift; sourceTree = "<group>"; };
		A20453E51F50FF3400162025 /* Qn8ViewController.swift */ = {isa = PBXFileReference; fileEncoding = 4; lastKnownFileType = sourcecode.swift; path = Qn8ViewController.swift; sourceTree = "<group>"; };
		A22657931F43CC2900668EDF /* Q4ViewController.swift */ = {isa = PBXFileReference; fileEncoding = 4; lastKnownFileType = sourcecode.swift; path = Q4ViewController.swift; sourceTree = "<group>"; };
		A22657991F43CCCB00668EDF /* Q5ViewController.swift */ = {isa = PBXFileReference; fileEncoding = 4; lastKnownFileType = sourcecode.swift; path = Q5ViewController.swift; sourceTree = "<group>"; };
		A226579B1F43CCD500668EDF /* Q6ViewController.swift */ = {isa = PBXFileReference; fileEncoding = 4; lastKnownFileType = sourcecode.swift; path = Q6ViewController.swift; sourceTree = "<group>"; };
		A226579E1F43CCF500668EDF /* Q7ViewController.swift */ = {isa = PBXFileReference; fileEncoding = 4; lastKnownFileType = sourcecode.swift; path = Q7ViewController.swift; sourceTree = "<group>"; };
		A22657A01F43CD0000668EDF /* Q8ViewController.swift */ = {isa = PBXFileReference; fileEncoding = 4; lastKnownFileType = sourcecode.swift; path = Q8ViewController.swift; sourceTree = "<group>"; };
		A22657A21F43CD0D00668EDF /* Q9ViewController.swift */ = {isa = PBXFileReference; fileEncoding = 4; lastKnownFileType = sourcecode.swift; path = Q9ViewController.swift; sourceTree = "<group>"; };
		A22657A41F43CD1D00668EDF /* Q10ViewController.swift */ = {isa = PBXFileReference; fileEncoding = 4; lastKnownFileType = sourcecode.swift; path = Q10ViewController.swift; sourceTree = "<group>"; };
		A22657A61F43CD2900668EDF /* Q11ViewController.swift */ = {isa = PBXFileReference; fileEncoding = 4; lastKnownFileType = sourcecode.swift; path = Q11ViewController.swift; sourceTree = "<group>"; };
		A22657A81F43CD3300668EDF /* Q12ViewController.swift */ = {isa = PBXFileReference; fileEncoding = 4; lastKnownFileType = sourcecode.swift; path = Q12ViewController.swift; sourceTree = "<group>"; };
		A22C411C1F4AB1C200BCB043 /* QuestionnaireViewController.swift */ = {isa = PBXFileReference; fileEncoding = 4; lastKnownFileType = sourcecode.swift; path = QuestionnaireViewController.swift; sourceTree = "<group>"; };
		A22C411E1F4AB6FA00BCB043 /* RadioButton.swift */ = {isa = PBXFileReference; fileEncoding = 4; lastKnownFileType = sourcecode.swift; path = RadioButton.swift; sourceTree = "<group>"; };
		A23875271F3AC8CF00D9FB90 /* Q2ViewController.swift */ = {isa = PBXFileReference; fileEncoding = 4; lastKnownFileType = sourcecode.swift; path = Q2ViewController.swift; sourceTree = "<group>"; };
		A23875291F3AC9F400D9FB90 /* Q3ViewController.swift */ = {isa = PBXFileReference; fileEncoding = 4; lastKnownFileType = sourcecode.swift; path = Q3ViewController.swift; sourceTree = "<group>"; };
		A23FCA181F4ECE7900A91294 /* bg.jpg */ = {isa = PBXFileReference; lastKnownFileType = image.jpeg; path = bg.jpg; sourceTree = "<group>"; };
		A23FCA1A1F4ECE9400A91294 /* index.css */ = {isa = PBXFileReference; fileEncoding = 4; lastKnownFileType = text.css; path = index.css; sourceTree = "<group>"; };
		A23FCA1B1F4ECE9400A91294 /* index.html */ = {isa = PBXFileReference; fileEncoding = 4; lastKnownFileType = text.html; path = index.html; sourceTree = "<group>"; };
		A23FCA1C1F4ECE9400A91294 /* jquery-1.11.3.min.js */ = {isa = PBXFileReference; fileEncoding = 4; lastKnownFileType = sourcecode.javascript; path = "jquery-1.11.3.min.js"; sourceTree = "<group>"; };
		A23FCA1D1F4ECE9400A91294 /* Map_1F.svg */ = {isa = PBXFileReference; fileEncoding = 4; lastKnownFileType = text.xml; path = Map_1F.svg; sourceTree = "<group>"; };
		A23FCA1E1F4ECE9400A91294 /* Map_2F.svg */ = {isa = PBXFileReference; fileEncoding = 4; lastKnownFileType = text.xml; path = Map_2F.svg; sourceTree = "<group>"; };
		A23FCA261F4EF82700A91294 /* ZHDropDownMenu.swift */ = {isa = PBXFileReference; fileEncoding = 4; lastKnownFileType = sourcecode.swift; path = ZHDropDownMenu.swift; sourceTree = "<group>"; };
		A23FCA281F4F052A00A91294 /* default_down.png */ = {isa = PBXFileReference; lastKnownFileType = image.png; path = default_down.png; sourceTree = "<group>"; };
		A23FCA2A1F4F115300A91294 /* Qn2ViewController.swift */ = {isa = PBXFileReference; fileEncoding = 4; lastKnownFileType = sourcecode.swift; path = Qn2ViewController.swift; sourceTree = "<group>"; };
		A23FCA2C1F4F116600A91294 /* Qn3ViewController.swift */ = {isa = PBXFileReference; fileEncoding = 4; lastKnownFileType = sourcecode.swift; path = Qn3ViewController.swift; sourceTree = "<group>"; };
		A277C5861F7F470B00B5DD6B /* DropMenuButton.swift */ = {isa = PBXFileReference; fileEncoding = 4; lastKnownFileType = sourcecode.swift; path = DropMenuButton.swift; sourceTree = "<group>"; };
		A2B6366F1F91EA01001BA701 /* button.m4a */ = {isa = PBXFileReference; lastKnownFileType = file; path = button.m4a; sourceTree = "<group>"; };
		D3020C857404765C33CFC69D /* Pods-BuildingCenter.release.xcconfig */ = {isa = PBXFileReference; includeInIndex = 1; lastKnownFileType = text.xcconfig; name = "Pods-BuildingCenter.release.xcconfig"; path = "Pods/Target Support Files/Pods-BuildingCenter/Pods-BuildingCenter.release.xcconfig"; sourceTree = "<group>"; };
		F39B9B310BEF420CF9DB6750 /* Pods-BuildingCenterUITests.debug.xcconfig */ = {isa = PBXFileReference; includeInIndex = 1; lastKnownFileType = text.xcconfig; name = "Pods-BuildingCenterUITests.debug.xcconfig"; path = "Pods/Target Support Files/Pods-BuildingCenterUITests/Pods-BuildingCenterUITests.debug.xcconfig"; sourceTree = "<group>"; };
		FB54794DF16F31D3F1D950B7 /* Pods-BuildingCenterTests.release.xcconfig */ = {isa = PBXFileReference; includeInIndex = 1; lastKnownFileType = text.xcconfig; name = "Pods-BuildingCenterTests.release.xcconfig"; path = "Pods/Target Support Files/Pods-BuildingCenterTests/Pods-BuildingCenterTests.release.xcconfig"; sourceTree = "<group>"; };
/* End PBXFileReference section */

/* Begin PBXFrameworksBuildPhase section */
		5FE971361F1C9F09005EDE58 /* Frameworks */ = {
			isa = PBXFrameworksBuildPhase;
			buildActionMask = 2147483647;
			files = (
				EBDCDB62C04C9755E5E4DA09 /* Pods_BuildingCenter.framework in Frameworks */,
			);
			runOnlyForDeploymentPostprocessing = 0;
		};
		5FE9714A1F1C9F0A005EDE58 /* Frameworks */ = {
			isa = PBXFrameworksBuildPhase;
			buildActionMask = 2147483647;
			files = (
				4914869C7FEEB3FBF83F3E39 /* Pods_BuildingCenterTests.framework in Frameworks */,
			);
			runOnlyForDeploymentPostprocessing = 0;
		};
		5FE971551F1C9F0A005EDE58 /* Frameworks */ = {
			isa = PBXFrameworksBuildPhase;
			buildActionMask = 2147483647;
			files = (
				933E3CE478B22CB16A6A1A3E /* Pods_BuildingCenterUITests.framework in Frameworks */,
			);
			runOnlyForDeploymentPostprocessing = 0;
		};
/* End PBXFrameworksBuildPhase section */

/* Begin PBXGroup section */
		25E72AC7C129392B1B1A6677 /* Frameworks */ = {
			isa = PBXGroup;
			children = (
				6872238074D4F91B1AC87B03 /* Pods_BuildingCenter.framework */,
				43BC750BE44098288C7937F8 /* Pods_BuildingCenterTests.framework */,
				13617F0FAF90C9CB493A56D2 /* Pods_BuildingCenterUITests.framework */,
			);
			name = Frameworks;
			sourceTree = "<group>";
		};
		5B7BF750DAEAC7EFD5C213AF /* Pods */ = {
			isa = PBXGroup;
			children = (
				0BBB8D9874B006F616E35409 /* Pods-BuildingCenter.debug.xcconfig */,
				D3020C857404765C33CFC69D /* Pods-BuildingCenter.release.xcconfig */,
				0259BAA4781C8754985C0278 /* Pods-BuildingCenterTests.debug.xcconfig */,
				FB54794DF16F31D3F1D950B7 /* Pods-BuildingCenterTests.release.xcconfig */,
				F39B9B310BEF420CF9DB6750 /* Pods-BuildingCenterUITests.debug.xcconfig */,
				230B9AA56509C017F855A511 /* Pods-BuildingCenterUITests.release.xcconfig */,
			);
			name = Pods;
			sourceTree = "<group>";
		};
		5F8C48561F4DB67A006E7BEB /* Database */ = {
			isa = PBXGroup;
			children = (
				5F8C48571F4DB6C0006E7BEB /* Databasehelper.swift */,
				7652CF501F57F78500F7F733 /* DatabaseUtilizer.swift */,
				5F8C48671F67C858006E7BEB /* ImageExtension.swift */,
				5F8C48A31F7A91E3006E7BEB /* ImageDownload.swift */,
			);
			name = Database;
			sourceTree = "<group>";
		};
		5FE971301F1C9F09005EDE58 = {
			isa = PBXGroup;
			children = (
				5FE9713B1F1C9F0A005EDE58 /* BuildingCenter */,
				5FE971501F1C9F0A005EDE58 /* BuildingCenterTests */,
				5FE9715B1F1C9F0A005EDE58 /* BuildingCenterUITests */,
				5FE9713A1F1C9F0A005EDE58 /* Products */,
				5B7BF750DAEAC7EFD5C213AF /* Pods */,
				25E72AC7C129392B1B1A6677 /* Frameworks */,
			);
			sourceTree = "<group>";
		};
		5FE9713A1F1C9F0A005EDE58 /* Products */ = {
			isa = PBXGroup;
			children = (
				5FE971391F1C9F0A005EDE58 /* BuildingCenter.app */,
				5FE9714D1F1C9F0A005EDE58 /* BuildingCenterTests.xctest */,
				5FE971581F1C9F0A005EDE58 /* BuildingCenterUITests.xctest */,
			);
			name = Products;
			sourceTree = "<group>";
		};
		5FE9713B1F1C9F0A005EDE58 /* BuildingCenter */ = {
			isa = PBXGroup;
			children = (
				5F8C48561F4DB67A006E7BEB /* Database */,
				767B6E5C1F5670CC00894B66 /* Localized */,
				767B6E5B1F56701900894B66 /* CustomizedObject */,
				767B6E5A1F566DE800894B66 /* Beginning */,
				76705BAC1F555ECB00047414 /* UsefulHint */,
				7658BA891F39B8C800C1552B /* MainPage */,
				762D8D491F1E7534004295A9 /* Question */,
				762D8D441F1E7508004295A9 /* Map */,
				762D8D431F1E74FB004295A9 /* Hipster */,
				762D8D401F1E74A0004295A9 /* Area */,
				5FE9713C1F1C9F0A005EDE58 /* AppDelegate.swift */,
				5FE9713E1F1C9F0A005EDE58 /* ViewController.swift */,
				5FE971401F1C9F0A005EDE58 /* Main.storyboard */,
				5FE971431F1C9F0A005EDE58 /* Assets.xcassets */,
				5FE971451F1C9F0A005EDE58 /* LaunchScreen.storyboard */,
				5FE971481F1C9F0A005EDE58 /* Info.plist */,
				5F700B321F349B7E00D8C138 /* LaunchViewController.swift */,
				A2B6366F1F91EA01001BA701 /* button.m4a */,
			);
			path = BuildingCenter;
			sourceTree = "<group>";
		};
		5FE971501F1C9F0A005EDE58 /* BuildingCenterTests */ = {
			isa = PBXGroup;
			children = (
				5FE971511F1C9F0A005EDE58 /* BuildingCenterTests.swift */,
				5FE971531F1C9F0A005EDE58 /* Info.plist */,
			);
			path = BuildingCenterTests;
			sourceTree = "<group>";
		};
		5FE9715B1F1C9F0A005EDE58 /* BuildingCenterUITests */ = {
			isa = PBXGroup;
			children = (
				5FE9715C1F1C9F0A005EDE58 /* BuildingCenterUITests.swift */,
				5FE9715E1F1C9F0A005EDE58 /* Info.plist */,
			);
			path = BuildingCenterUITests;
			sourceTree = "<group>";
		};
		76274EDE1F825E1700E607DE /* Bluetooth */ = {
			isa = PBXGroup;
			children = (
				76274EDF1F825E2100E607DE /* BLE */,
				76274EE41F825E9600E607DE /* BleScannerWrapper.h */,
				76274EE51F825E9F00E607DE /* BleScannerWrapper.m */,
			);
			name = Bluetooth;
			sourceTree = "<group>";
		};
		76274EDF1F825E2100E607DE /* BLE */ = {
			isa = PBXGroup;
			children = (
				76274EE81F825EAA00E607DE /* BLE.h */,
				76274EE71F825EA900E607DE /* BLE.m */,
				76274EE61F825EA900E607DE /* BLEDefines.h */,
				76274EEA1F825EAA00E607DE /* NSData+Base64.h */,
				76274EE91F825EAA00E607DE /* NSData+Base64.m */,
			);
			name = BLE;
			sourceTree = "<group>";
		};
		762D8D401F1E74A0004295A9 /* Area */ = {
			isa = PBXGroup;
			children = (
				762D8D521F1E7565004295A9 /* ModeSelectViewController.swift */,
				762D8D501F1E755F004295A9 /* ModeContentViewController.swift */,
				762D8D4E1F1E7558004295A9 /* ModeIntroViewController.swift */,
				762D8D4C1F1E7553004295A9 /* LandscapeViewController.swift */,
				762D8D411F1E74EF004295A9 /* AreaViewController.swift */,
				76EB971D1F27A88700DAEB03 /* FirmInfoViewController.swift */,
				76CE4F8D1F5E5796008219D4 /* ModeContentDetailViewController.swift */,
				76CE4F911F5E8E0C008219D4 /* ModeContentDetailViewController2.swift */,
				76E395531F6AC8700003E6C6 /* ModeContentDetailViewController1.swift */,
				76CE4F931F5E9665008219D4 /* PageViewController.swift */,
				76C178341F6BCD770050CAB0 /* DeviceImageViewController.swift */,
			);
			name = Area;
			sourceTree = "<group>";
		};
		762D8D431F1E74FB004295A9 /* Hipster */ = {
			isa = PBXGroup;
			children = (
				70C57B651F27E76B00F83F77 /* HipsterViewController.swift */,
				70C57B671F27F00500F83F77 /* SelectViewController.swift */,
				709EB43D1F5D2C02007665E3 /* WritingViewController.swift */,
				5F8C48AB1F8E5179006E7BEB /* ResultViewController.swift */,
			);
			name = Hipster;
			sourceTree = "<group>";
		};
		762D8D441F1E7508004295A9 /* Map */ = {
			isa = PBXGroup;
			children = (
				76274EDE1F825E1700E607DE /* Bluetooth */,
				A277C5861F7F470B00B5DD6B /* DropMenuButton.swift */,
				A23FCA1A1F4ECE9400A91294 /* index.css */,
				A23FCA1B1F4ECE9400A91294 /* index.html */,
				A23FCA1C1F4ECE9400A91294 /* jquery-1.11.3.min.js */,
				A23FCA1D1F4ECE9400A91294 /* Map_1F.svg */,
				A23FCA1E1F4ECE9400A91294 /* Map_2F.svg */,
				A23FCA181F4ECE7900A91294 /* bg.jpg */,
				762D8D471F1E752E004295A9 /* MapViewController.swift */,
				76BC98701F1F961D005A3BEC /* MapInstructionViewController.swift */,
				769FF6A71F20ECEE00153C87 /* FeedbackHintViewController.swift */,
				76EB97191F27871500DAEB03 /* MapNavigationViewController.swift */,
				76EB971B1F2799E000DAEB03 /* map.svg */,
				76274EE31F825E8300E607DE /* MacroDefinition.h */,
				76274EE01F825E6200E607DE /* BuildingCenter-Bridging-Header.h */,
			);
			name = Map;
			sourceTree = "<group>";
		};
		762D8D491F1E7534004295A9 /* Question */ = {
			isa = PBXGroup;
			children = (
				A23FCA281F4F052A00A91294 /* default_down.png */,
				A23FCA261F4EF82700A91294 /* ZHDropDownMenu.swift */,
				A22C411E1F4AB6FA00BCB043 /* RadioButton.swift */,
				762D8D4A1F1E7541004295A9 /* QuestionViewController.swift */,
				A23875271F3AC8CF00D9FB90 /* Q2ViewController.swift */,
				A23875291F3AC9F400D9FB90 /* Q3ViewController.swift */,
				A22657931F43CC2900668EDF /* Q4ViewController.swift */,
				A22657991F43CCCB00668EDF /* Q5ViewController.swift */,
				A226579B1F43CCD500668EDF /* Q6ViewController.swift */,
				A226579E1F43CCF500668EDF /* Q7ViewController.swift */,
				A22657A01F43CD0000668EDF /* Q8ViewController.swift */,
				A22657A21F43CD0D00668EDF /* Q9ViewController.swift */,
				A22657A41F43CD1D00668EDF /* Q10ViewController.swift */,
				A22657A61F43CD2900668EDF /* Q11ViewController.swift */,
				A22657A81F43CD3300668EDF /* Q12ViewController.swift */,
				A22C411C1F4AB1C200BCB043 /* QuestionnaireViewController.swift */,
				A23FCA2A1F4F115300A91294 /* Qn2ViewController.swift */,
				A23FCA2C1F4F116600A91294 /* Qn3ViewController.swift */,
				A20453DD1F50FF0200162025 /* Qn4ViewController.swift */,
				A20453DF1F50FF1100162025 /* Qn5ViewController.swift */,
				A20453E11F50FF1B00162025 /* Qn6ViewController.swift */,
				A20453E31F50FF2800162025 /* Qn7ViewController.swift */,
				A20453E51F50FF3400162025 /* Qn8ViewController.swift */,
			);
			name = Question;
			sourceTree = "<group>";
		};
		7658BA891F39B8C800C1552B /* MainPage */ = {
			isa = PBXGroup;
			children = (
				7658BA8A1F39B94000C1552B /* MainPageViewController.swift */,
			);
			name = MainPage;
			sourceTree = "<group>";
		};
		76705BAC1F555ECB00047414 /* UsefulHint */ = {
			isa = PBXGroup;
			children = (
				76705BAD1F555F0E00047414 /* GuiderHintViewController.swift */,
				76705BAF1F55643A00047414 /* ModeHintViewController.swift */,
				76705BB11F556DF000047414 /* ModeContentHintViewController.swift */,
				76705BB31F5585A000047414 /* InfoHintViewController.swift */,
				76705BB51F5585BC00047414 /* QuestionHintViewController.swift */,
			);
			name = UsefulHint;
			sourceTree = "<group>";
		};
		767B6E5A1F566DE800894B66 /* Beginning */ = {
			isa = PBXGroup;
			children = (
				5FE9716A1F1CA3D2005EDE58 /* BeginViewController.swift */,
				5FE9716C1F1CB4F5005EDE58 /* AboutOneViewController.swift */,
				5FE9716E1F1CB56B005EDE58 /* AboutTwoViewController.swift */,
				5FE971701F1CB5A6005EDE58 /* AboutThreeViewController.swift */,
				5F58DFC31F1E560C004159D3 /* SelectGuiderViewController.swift */,
			);
			name = Beginning;
			sourceTree = "<group>";
		};
		767B6E5B1F56701900894B66 /* CustomizedObject */ = {
			isa = PBXGroup;
			children = (
				5F8C48591F544E9E006E7BEB /* ZoneItem.swift */,
				5F8C485F1F5E94F9006E7BEB /* DBColExpress.swift */,
				5F8C48611F5ED5B4006E7BEB /* ModeItem.swift */,
				76ED5B1A1F6136400085D4F5 /* ModeCollectionViewCell.swift */,
				5F8C48631F619DC0006E7BEB /* DeviceItem.swift */,
				5F8C48651F63D5F7006E7BEB /* CompanyItem.swift */,
				5F8C48A71F84E296006E7BEB /* BeaconItem.swift */,
				5F8C48A91F85025C006E7BEB /* HintItem.swift */,
				5F7DA1591F91BD750051FE21 /* WritingAreaViewCell.swift */,
				76B26B591F947EE600FFA2D4 /* HipsterItem.swift */,
				767330521F9611A200A34A6A /* TemplateItem.swift */,
			);
			name = CustomizedObject;
			sourceTree = "<group>";
		};
		767B6E5C1F5670CC00894B66 /* Localized */ = {
			isa = PBXGroup;
			children = (
				7652CF581F57F8CC00F7F733 /* Localizable.strings */,
				7652CF5A1F57F91D00F7F733 /* StringExtension.swift */,
			);
			name = Localized;
			sourceTree = "<group>";
		};
/* End PBXGroup section */

/* Begin PBXNativeTarget section */
		5FE971381F1C9F09005EDE58 /* BuildingCenter */ = {
			isa = PBXNativeTarget;
			buildConfigurationList = 5FE971611F1C9F0A005EDE58 /* Build configuration list for PBXNativeTarget "BuildingCenter" */;
			buildPhases = (
				2F6FFF96454A2FBB8ABE83FA /* [CP] Check Pods Manifest.lock */,
				5FE971351F1C9F09005EDE58 /* Sources */,
				5FE971361F1C9F09005EDE58 /* Frameworks */,
				5FE971371F1C9F09005EDE58 /* Resources */,
				F4BA205EE4AAA500762C1BA0 /* [CP] Embed Pods Frameworks */,
				A3F682EAE1F3DF309AF7BAB5 /* [CP] Copy Pods Resources */,
			);
			buildRules = (
			);
			dependencies = (
			);
			name = BuildingCenter;
			productName = BuildingCenter;
			productReference = 5FE971391F1C9F0A005EDE58 /* BuildingCenter.app */;
			productType = "com.apple.product-type.application";
		};
		5FE9714C1F1C9F0A005EDE58 /* BuildingCenterTests */ = {
			isa = PBXNativeTarget;
			buildConfigurationList = 5FE971641F1C9F0A005EDE58 /* Build configuration list for PBXNativeTarget "BuildingCenterTests" */;
			buildPhases = (
				BED267333EB8AC65D0436ECB /* [CP] Check Pods Manifest.lock */,
				5FE971491F1C9F0A005EDE58 /* Sources */,
				5FE9714A1F1C9F0A005EDE58 /* Frameworks */,
				5FE9714B1F1C9F0A005EDE58 /* Resources */,
				49F68A572AAA9594AB047A8A /* [CP] Embed Pods Frameworks */,
				0F4F610A4C73860327EC6EFD /* [CP] Copy Pods Resources */,
			);
			buildRules = (
			);
			dependencies = (
				5FE9714F1F1C9F0A005EDE58 /* PBXTargetDependency */,
			);
			name = BuildingCenterTests;
			productName = BuildingCenterTests;
			productReference = 5FE9714D1F1C9F0A005EDE58 /* BuildingCenterTests.xctest */;
			productType = "com.apple.product-type.bundle.unit-test";
		};
		5FE971571F1C9F0A005EDE58 /* BuildingCenterUITests */ = {
			isa = PBXNativeTarget;
			buildConfigurationList = 5FE971671F1C9F0A005EDE58 /* Build configuration list for PBXNativeTarget "BuildingCenterUITests" */;
			buildPhases = (
				1962665D33420056267695C8 /* [CP] Check Pods Manifest.lock */,
				5FE971541F1C9F0A005EDE58 /* Sources */,
				5FE971551F1C9F0A005EDE58 /* Frameworks */,
				5FE971561F1C9F0A005EDE58 /* Resources */,
				5EF140AA89F21B329F732361 /* [CP] Embed Pods Frameworks */,
				65A9DCEAD6239AF859738D28 /* [CP] Copy Pods Resources */,
			);
			buildRules = (
			);
			dependencies = (
				5FE9715A1F1C9F0A005EDE58 /* PBXTargetDependency */,
			);
			name = BuildingCenterUITests;
			productName = BuildingCenterUITests;
			productReference = 5FE971581F1C9F0A005EDE58 /* BuildingCenterUITests.xctest */;
			productType = "com.apple.product-type.bundle.ui-testing";
		};
/* End PBXNativeTarget section */

/* Begin PBXProject section */
		5FE971311F1C9F09005EDE58 /* Project object */ = {
			isa = PBXProject;
			attributes = {
				LastSwiftUpdateCheck = 0830;
				LastUpgradeCheck = 0830;
				ORGANIZATIONNAME = uscc;
				TargetAttributes = {
					5FE971381F1C9F09005EDE58 = {
						CreatedOnToolsVersion = 8.3.3;
						DevelopmentTeam = 4Y3WSK9PWL;
						LastSwiftMigration = 0900;
						ProvisioningStyle = Automatic;
						SystemCapabilities = {
							com.apple.BackgroundModes = {
								enabled = 0;
							};
							com.apple.InterAppAudio = {
								enabled = 0;
							};
						};
					};
					5FE9714C1F1C9F0A005EDE58 = {
						CreatedOnToolsVersion = 8.3.3;
						DevelopmentTeam = 2HZL76C8HX;
						ProvisioningStyle = Automatic;
						TestTargetID = 5FE971381F1C9F09005EDE58;
					};
					5FE971571F1C9F0A005EDE58 = {
						CreatedOnToolsVersion = 8.3.3;
						DevelopmentTeam = 2HZL76C8HX;
						ProvisioningStyle = Automatic;
						TestTargetID = 5FE971381F1C9F09005EDE58;
					};
				};
			};
			buildConfigurationList = 5FE971341F1C9F09005EDE58 /* Build configuration list for PBXProject "BuildingCenter" */;
			compatibilityVersion = "Xcode 3.2";
			developmentRegion = English;
			hasScannedForEncodings = 0;
			knownRegions = (
				en,
				Base,
			);
			mainGroup = 5FE971301F1C9F09005EDE58;
			productRefGroup = 5FE9713A1F1C9F0A005EDE58 /* Products */;
			projectDirPath = "";
			projectRoot = "";
			targets = (
				5FE971381F1C9F09005EDE58 /* BuildingCenter */,
				5FE9714C1F1C9F0A005EDE58 /* BuildingCenterTests */,
				5FE971571F1C9F0A005EDE58 /* BuildingCenterUITests */,
			);
		};
/* End PBXProject section */

/* Begin PBXResourcesBuildPhase section */
		5FE971371F1C9F09005EDE58 /* Resources */ = {
			isa = PBXResourcesBuildPhase;
			buildActionMask = 2147483647;
			files = (
				A23FCA211F4ECE9400A91294 /* jquery-1.11.3.min.js in Resources */,
				7652CF561F57F8CC00F7F733 /* Localizable.strings in Resources */,
				A2B636701F91EA01001BA701 /* button.m4a in Resources */,
				A23FCA201F4ECE9400A91294 /* index.html in Resources */,
				A23FCA221F4ECE9400A91294 /* Map_1F.svg in Resources */,
				A23FCA291F4F052A00A91294 /* default_down.png in Resources */,
				A23FCA191F4ECE7900A91294 /* bg.jpg in Resources */,
				5FE971471F1C9F0A005EDE58 /* LaunchScreen.storyboard in Resources */,
				A23FCA1F1F4ECE9400A91294 /* index.css in Resources */,
				5FE971441F1C9F0A005EDE58 /* Assets.xcassets in Resources */,
				5FE971421F1C9F0A005EDE58 /* Main.storyboard in Resources */,
				76EB971C1F2799E000DAEB03 /* map.svg in Resources */,
				A23FCA231F4ECE9400A91294 /* Map_2F.svg in Resources */,
			);
			runOnlyForDeploymentPostprocessing = 0;
		};
		5FE9714B1F1C9F0A005EDE58 /* Resources */ = {
			isa = PBXResourcesBuildPhase;
			buildActionMask = 2147483647;
			files = (
			);
			runOnlyForDeploymentPostprocessing = 0;
		};
		5FE971561F1C9F0A005EDE58 /* Resources */ = {
			isa = PBXResourcesBuildPhase;
			buildActionMask = 2147483647;
			files = (
			);
			runOnlyForDeploymentPostprocessing = 0;
		};
/* End PBXResourcesBuildPhase section */

/* Begin PBXShellScriptBuildPhase section */
		0F4F610A4C73860327EC6EFD /* [CP] Copy Pods Resources */ = {
			isa = PBXShellScriptBuildPhase;
			buildActionMask = 2147483647;
			files = (
			);
			inputPaths = (
			);
			name = "[CP] Copy Pods Resources";
			outputPaths = (
			);
			runOnlyForDeploymentPostprocessing = 0;
			shellPath = /bin/sh;
			shellScript = "\"${SRCROOT}/Pods/Target Support Files/Pods-BuildingCenterTests/Pods-BuildingCenterTests-resources.sh\"\n";
			showEnvVarsInLog = 0;
		};
		1962665D33420056267695C8 /* [CP] Check Pods Manifest.lock */ = {
			isa = PBXShellScriptBuildPhase;
			buildActionMask = 2147483647;
			files = (
			);
			inputPaths = (
			);
			name = "[CP] Check Pods Manifest.lock";
			outputPaths = (
			);
			runOnlyForDeploymentPostprocessing = 0;
			shellPath = /bin/sh;
			shellScript = "diff \"${PODS_PODFILE_DIR_PATH}/Podfile.lock\" \"${PODS_ROOT}/Manifest.lock\" > /dev/null\nif [ $? != 0 ] ; then\n    # print error to STDERR\n    echo \"error: The sandbox is not in sync with the Podfile.lock. Run 'pod install' or update your CocoaPods installation.\" >&2\n    exit 1\nfi\n";
			showEnvVarsInLog = 0;
		};
		2F6FFF96454A2FBB8ABE83FA /* [CP] Check Pods Manifest.lock */ = {
			isa = PBXShellScriptBuildPhase;
			buildActionMask = 2147483647;
			files = (
			);
			inputPaths = (
			);
			name = "[CP] Check Pods Manifest.lock";
			outputPaths = (
			);
			runOnlyForDeploymentPostprocessing = 0;
			shellPath = /bin/sh;
			shellScript = "diff \"${PODS_PODFILE_DIR_PATH}/Podfile.lock\" \"${PODS_ROOT}/Manifest.lock\" > /dev/null\nif [ $? != 0 ] ; then\n    # print error to STDERR\n    echo \"error: The sandbox is not in sync with the Podfile.lock. Run 'pod install' or update your CocoaPods installation.\" >&2\n    exit 1\nfi\n";
			showEnvVarsInLog = 0;
		};
		49F68A572AAA9594AB047A8A /* [CP] Embed Pods Frameworks */ = {
			isa = PBXShellScriptBuildPhase;
			buildActionMask = 2147483647;
			files = (
			);
			inputPaths = (
			);
			name = "[CP] Embed Pods Frameworks";
			outputPaths = (
			);
			runOnlyForDeploymentPostprocessing = 0;
			shellPath = /bin/sh;
			shellScript = "\"${SRCROOT}/Pods/Target Support Files/Pods-BuildingCenterTests/Pods-BuildingCenterTests-frameworks.sh\"\n";
			showEnvVarsInLog = 0;
		};
		5EF140AA89F21B329F732361 /* [CP] Embed Pods Frameworks */ = {
			isa = PBXShellScriptBuildPhase;
			buildActionMask = 2147483647;
			files = (
			);
			inputPaths = (
			);
			name = "[CP] Embed Pods Frameworks";
			outputPaths = (
			);
			runOnlyForDeploymentPostprocessing = 0;
			shellPath = /bin/sh;
			shellScript = "\"${SRCROOT}/Pods/Target Support Files/Pods-BuildingCenterUITests/Pods-BuildingCenterUITests-frameworks.sh\"\n";
			showEnvVarsInLog = 0;
		};
		65A9DCEAD6239AF859738D28 /* [CP] Copy Pods Resources */ = {
			isa = PBXShellScriptBuildPhase;
			buildActionMask = 2147483647;
			files = (
			);
			inputPaths = (
			);
			name = "[CP] Copy Pods Resources";
			outputPaths = (
			);
			runOnlyForDeploymentPostprocessing = 0;
			shellPath = /bin/sh;
			shellScript = "\"${SRCROOT}/Pods/Target Support Files/Pods-BuildingCenterUITests/Pods-BuildingCenterUITests-resources.sh\"\n";
			showEnvVarsInLog = 0;
		};
		A3F682EAE1F3DF309AF7BAB5 /* [CP] Copy Pods Resources */ = {
			isa = PBXShellScriptBuildPhase;
			buildActionMask = 2147483647;
			files = (
			);
			inputPaths = (
			);
			name = "[CP] Copy Pods Resources";
			outputPaths = (
			);
			runOnlyForDeploymentPostprocessing = 0;
			shellPath = /bin/sh;
			shellScript = "\"${SRCROOT}/Pods/Target Support Files/Pods-BuildingCenter/Pods-BuildingCenter-resources.sh\"\n";
			showEnvVarsInLog = 0;
		};
		BED267333EB8AC65D0436ECB /* [CP] Check Pods Manifest.lock */ = {
			isa = PBXShellScriptBuildPhase;
			buildActionMask = 2147483647;
			files = (
			);
			inputPaths = (
			);
			name = "[CP] Check Pods Manifest.lock";
			outputPaths = (
			);
			runOnlyForDeploymentPostprocessing = 0;
			shellPath = /bin/sh;
			shellScript = "diff \"${PODS_PODFILE_DIR_PATH}/Podfile.lock\" \"${PODS_ROOT}/Manifest.lock\" > /dev/null\nif [ $? != 0 ] ; then\n    # print error to STDERR\n    echo \"error: The sandbox is not in sync with the Podfile.lock. Run 'pod install' or update your CocoaPods installation.\" >&2\n    exit 1\nfi\n";
			showEnvVarsInLog = 0;
		};
		F4BA205EE4AAA500762C1BA0 /* [CP] Embed Pods Frameworks */ = {
			isa = PBXShellScriptBuildPhase;
			buildActionMask = 2147483647;
			files = (
			);
			inputPaths = (
			);
			name = "[CP] Embed Pods Frameworks";
			outputPaths = (
			);
			runOnlyForDeploymentPostprocessing = 0;
			shellPath = /bin/sh;
			shellScript = "\"${SRCROOT}/Pods/Target Support Files/Pods-BuildingCenter/Pods-BuildingCenter-frameworks.sh\"\n";
			showEnvVarsInLog = 0;
		};
/* End PBXShellScriptBuildPhase section */

/* Begin PBXSourcesBuildPhase section */
		5FE971351F1C9F09005EDE58 /* Sources */ = {
			isa = PBXSourcesBuildPhase;
			buildActionMask = 2147483647;
			files = (
				76274EEC1F8260BA00E607DE /* BLE.m in Sources */,
				76274EEB1F82609B00E607DE /* BleScannerWrapper.m in Sources */,
				A226579A1F43CCCB00668EDF /* Q5ViewController.swift in Sources */,
				5F8C48681F67C858006E7BEB /* ImageExtension.swift in Sources */,
				5FE9713F1F1C9F0A005EDE58 /* ViewController.swift in Sources */,
				7658BA8B1F39B94000C1552B /* MainPageViewController.swift in Sources */,
				A23875281F3AC8CF00D9FB90 /* Q2ViewController.swift in Sources */,
				A22C411D1F4AB1C200BCB043 /* QuestionnaireViewController.swift in Sources */,
				76ED5B1B1F6136400085D4F5 /* ModeCollectionViewCell.swift in Sources */,
				A22657A71F43CD2900668EDF /* Q11ViewController.swift in Sources */,
				5FE9716B1F1CA3D2005EDE58 /* BeginViewController.swift in Sources */,
				709EB43E1F5D2C05007665E3 /* WritingViewController.swift in Sources */,
				A23FCA2D1F4F116600A91294 /* Qn3ViewController.swift in Sources */,
				762D8D531F1E7565004295A9 /* ModeSelectViewController.swift in Sources */,
				762D8D481F1E752E004295A9 /* MapViewController.swift in Sources */,
				76705BB61F5585BC00047414 /* QuestionHintViewController.swift in Sources */,
				5FE9713D1F1C9F0A005EDE58 /* AppDelegate.swift in Sources */,
				76705BAE1F555F0E00047414 /* GuiderHintViewController.swift in Sources */,
				762D8D421F1E74EF004295A9 /* AreaViewController.swift in Sources */,
				76CE4F941F5E9665008219D4 /* PageViewController.swift in Sources */,
				5F7DA15A1F91BD750051FE21 /* WritingAreaViewCell.swift in Sources */,
				5F8C48AC1F8E517A006E7BEB /* ResultViewController.swift in Sources */,
				5FE9716F1F1CB56B005EDE58 /* AboutTwoViewController.swift in Sources */,
				A20453E01F50FF1100162025 /* Qn5ViewController.swift in Sources */,
				76CE4F921F5E8E0C008219D4 /* ModeContentDetailViewController2.swift in Sources */,
				76EB971E1F27A88700DAEB03 /* FirmInfoViewController.swift in Sources */,
				A20453E41F50FF2800162025 /* Qn7ViewController.swift in Sources */,
				A20453E21F50FF1B00162025 /* Qn6ViewController.swift in Sources */,
				70C57B661F27E76B00F83F77 /* HipsterViewController.swift in Sources */,
				A22657A91F43CD3300668EDF /* Q12ViewController.swift in Sources */,
				769FF6A81F20ECEE00153C87 /* FeedbackHintViewController.swift in Sources */,
				70C57B681F27F00500F83F77 /* SelectViewController.swift in Sources */,
				5F8C48661F63D5F7006E7BEB /* CompanyItem.swift in Sources */,
				A22657A51F43CD1D00668EDF /* Q10ViewController.swift in Sources */,
				5F8C48AA1F85025C006E7BEB /* HintItem.swift in Sources */,
				76B26B5A1F947EE600FFA2D4 /* HipsterItem.swift in Sources */,
				7652CF5B1F57F91D00F7F733 /* StringExtension.swift in Sources */,
				76E395541F6AC8700003E6C6 /* ModeContentDetailViewController1.swift in Sources */,
				5FE9716D1F1CB4F5005EDE58 /* AboutOneViewController.swift in Sources */,
				A22657A11F43CD0000668EDF /* Q8ViewController.swift in Sources */,
				5F8C48621F5ED5B4006E7BEB /* ModeItem.swift in Sources */,
				A226579C1F43CCD500668EDF /* Q6ViewController.swift in Sources */,
				A20453DE1F50FF0200162025 /* Qn4ViewController.swift in Sources */,
				A23FCA2B1F4F115300A91294 /* Qn2ViewController.swift in Sources */,
				A226579F1F43CCF500668EDF /* Q7ViewController.swift in Sources */,
				5F8C485A1F544E9E006E7BEB /* ZoneItem.swift in Sources */,
				5F8C48A81F84E296006E7BEB /* BeaconItem.swift in Sources */,
				A22C411F1F4AB6FA00BCB043 /* RadioButton.swift in Sources */,
				5FE971711F1CB5A6005EDE58 /* AboutThreeViewController.swift in Sources */,
				5F8C48581F4DB6C0006E7BEB /* Databasehelper.swift in Sources */,
				76CE4F8E1F5E5796008219D4 /* ModeContentDetailViewController.swift in Sources */,
				76C178351F6BCD770050CAB0 /* DeviceImageViewController.swift in Sources */,
				762D8D511F1E755F004295A9 /* ModeContentViewController.swift in Sources */,
				76705BB41F5585A000047414 /* InfoHintViewController.swift in Sources */,
				5F700B331F349B7E00D8C138 /* LaunchViewController.swift in Sources */,
				5F58DFC41F1E560C004159D3 /* SelectGuiderViewController.swift in Sources */,
				76705BB21F556DF000047414 /* ModeContentHintViewController.swift in Sources */,
				5F8C48641F619DC0006E7BEB /* DeviceItem.swift in Sources */,
				767330531F9611A200A34A6A /* TemplateItem.swift in Sources */,
				A20453E61F50FF3400162025 /* Qn8ViewController.swift in Sources */,
				A23FCA271F4EF82700A91294 /* ZHDropDownMenu.swift in Sources */,
				76BC98711F1F961D005A3BEC /* MapInstructionViewController.swift in Sources */,
				7652CF511F57F78500F7F733 /* DatabaseUtilizer.swift in Sources */,
				762D8D4D1F1E7553004295A9 /* LandscapeViewController.swift in Sources */,
				762D8D4F1F1E7558004295A9 /* ModeIntroViewController.swift in Sources */,
				76EB971A1F27871500DAEB03 /* MapNavigationViewController.swift in Sources */,
				A22657A31F43CD0D00668EDF /* Q9ViewController.swift in Sources */,
				762D8D4B1F1E7541004295A9 /* QuestionViewController.swift in Sources */,
				5F8C48A41F7A91E3006E7BEB /* ImageDownload.swift in Sources */,
				A22657941F43CC2900668EDF /* Q4ViewController.swift in Sources */,
				76705BB01F55643A00047414 /* ModeHintViewController.swift in Sources */,
				A277C5871F7F470B00B5DD6B /* DropMenuButton.swift in Sources */,
				A238752A1F3AC9F400D9FB90 /* Q3ViewController.swift in Sources */,
				5F8C48601F5E94F9006E7BEB /* DBColExpress.swift in Sources */,
			);
			runOnlyForDeploymentPostprocessing = 0;
		};
		5FE971491F1C9F0A005EDE58 /* Sources */ = {
			isa = PBXSourcesBuildPhase;
			buildActionMask = 2147483647;
			files = (
				5FE971521F1C9F0A005EDE58 /* BuildingCenterTests.swift in Sources */,
			);
			runOnlyForDeploymentPostprocessing = 0;
		};
		5FE971541F1C9F0A005EDE58 /* Sources */ = {
			isa = PBXSourcesBuildPhase;
			buildActionMask = 2147483647;
			files = (
				5FE9715D1F1C9F0A005EDE58 /* BuildingCenterUITests.swift in Sources */,
			);
			runOnlyForDeploymentPostprocessing = 0;
		};
/* End PBXSourcesBuildPhase section */

/* Begin PBXTargetDependency section */
		5FE9714F1F1C9F0A005EDE58 /* PBXTargetDependency */ = {
			isa = PBXTargetDependency;
			target = 5FE971381F1C9F09005EDE58 /* BuildingCenter */;
			targetProxy = 5FE9714E1F1C9F0A005EDE58 /* PBXContainerItemProxy */;
		};
		5FE9715A1F1C9F0A005EDE58 /* PBXTargetDependency */ = {
			isa = PBXTargetDependency;
			target = 5FE971381F1C9F09005EDE58 /* BuildingCenter */;
			targetProxy = 5FE971591F1C9F0A005EDE58 /* PBXContainerItemProxy */;
		};
/* End PBXTargetDependency section */

/* Begin PBXVariantGroup section */
		5FE971401F1C9F0A005EDE58 /* Main.storyboard */ = {
			isa = PBXVariantGroup;
			children = (
				5FE971411F1C9F0A005EDE58 /* Base */,
				7652CF521F57F84700F7F733 /* zh-Hant */,
			);
			name = Main.storyboard;
			sourceTree = "<group>";
		};
		5FE971451F1C9F0A005EDE58 /* LaunchScreen.storyboard */ = {
			isa = PBXVariantGroup;
			children = (
				5FE971461F1C9F0A005EDE58 /* Base */,
				7652CF531F57F84700F7F733 /* zh-Hant */,
			);
			name = LaunchScreen.storyboard;
			sourceTree = "<group>";
		};
		7652CF581F57F8CC00F7F733 /* Localizable.strings */ = {
			isa = PBXVariantGroup;
			children = (
				7652CF571F57F8CC00F7F733 /* zh-Hant */,
				7652CF591F57F8CE00F7F733 /* en */,
			);
			name = Localizable.strings;
			sourceTree = "<group>";
		};
/* End PBXVariantGroup section */

/* Begin XCBuildConfiguration section */
		5FE9715F1F1C9F0A005EDE58 /* Debug */ = {
			isa = XCBuildConfiguration;
			buildSettings = {
				ALWAYS_SEARCH_USER_PATHS = NO;
				CLANG_ANALYZER_LOCALIZABILITY_NONLOCALIZED = YES;
				CLANG_ANALYZER_NONNULL = YES;
				CLANG_ANALYZER_NUMBER_OBJECT_CONVERSION = YES_AGGRESSIVE;
				CLANG_CXX_LANGUAGE_STANDARD = "gnu++0x";
				CLANG_CXX_LIBRARY = "libc++";
				CLANG_ENABLE_MODULES = YES;
				CLANG_ENABLE_OBJC_ARC = YES;
				CLANG_WARN_BOOL_CONVERSION = YES;
				CLANG_WARN_CONSTANT_CONVERSION = YES;
				CLANG_WARN_DIRECT_OBJC_ISA_USAGE = YES_ERROR;
				CLANG_WARN_DOCUMENTATION_COMMENTS = YES;
				CLANG_WARN_EMPTY_BODY = YES;
				CLANG_WARN_ENUM_CONVERSION = YES;
				CLANG_WARN_INFINITE_RECURSION = YES;
				CLANG_WARN_INT_CONVERSION = YES;
				CLANG_WARN_OBJC_ROOT_CLASS = YES_ERROR;
				CLANG_WARN_SUSPICIOUS_MOVE = YES;
				CLANG_WARN_UNREACHABLE_CODE = YES;
				CLANG_WARN__DUPLICATE_METHOD_MATCH = YES;
				"CODE_SIGN_IDENTITY[sdk=iphoneos*]" = "iPhone Developer";
				COPY_PHASE_STRIP = NO;
				DEBUG_INFORMATION_FORMAT = dwarf;
				ENABLE_STRICT_OBJC_MSGSEND = YES;
				ENABLE_TESTABILITY = YES;
				GCC_C_LANGUAGE_STANDARD = gnu99;
				GCC_DYNAMIC_NO_PIC = NO;
				GCC_NO_COMMON_BLOCKS = YES;
				GCC_OPTIMIZATION_LEVEL = 0;
				GCC_PREPROCESSOR_DEFINITIONS = (
					"DEBUG=1",
					"$(inherited)",
				);
				GCC_WARN_64_TO_32_BIT_CONVERSION = YES;
				GCC_WARN_ABOUT_RETURN_TYPE = YES_ERROR;
				GCC_WARN_UNDECLARED_SELECTOR = YES;
				GCC_WARN_UNINITIALIZED_AUTOS = YES_AGGRESSIVE;
				GCC_WARN_UNUSED_FUNCTION = YES;
				GCC_WARN_UNUSED_VARIABLE = YES;
				IPHONEOS_DEPLOYMENT_TARGET = 10.3;
				MTL_ENABLE_DEBUG_INFO = YES;
				ONLY_ACTIVE_ARCH = YES;
				SDKROOT = iphoneos;
				SWIFT_ACTIVE_COMPILATION_CONDITIONS = DEBUG;
				SWIFT_OPTIMIZATION_LEVEL = "-Onone";
				TARGETED_DEVICE_FAMILY = "1,2";
			};
			name = Debug;
		};
		5FE971601F1C9F0A005EDE58 /* Release */ = {
			isa = XCBuildConfiguration;
			buildSettings = {
				ALWAYS_SEARCH_USER_PATHS = NO;
				CLANG_ANALYZER_LOCALIZABILITY_NONLOCALIZED = YES;
				CLANG_ANALYZER_NONNULL = YES;
				CLANG_ANALYZER_NUMBER_OBJECT_CONVERSION = YES_AGGRESSIVE;
				CLANG_CXX_LANGUAGE_STANDARD = "gnu++0x";
				CLANG_CXX_LIBRARY = "libc++";
				CLANG_ENABLE_MODULES = YES;
				CLANG_ENABLE_OBJC_ARC = YES;
				CLANG_WARN_BOOL_CONVERSION = YES;
				CLANG_WARN_CONSTANT_CONVERSION = YES;
				CLANG_WARN_DIRECT_OBJC_ISA_USAGE = YES_ERROR;
				CLANG_WARN_DOCUMENTATION_COMMENTS = YES;
				CLANG_WARN_EMPTY_BODY = YES;
				CLANG_WARN_ENUM_CONVERSION = YES;
				CLANG_WARN_INFINITE_RECURSION = YES;
				CLANG_WARN_INT_CONVERSION = YES;
				CLANG_WARN_OBJC_ROOT_CLASS = YES_ERROR;
				CLANG_WARN_SUSPICIOUS_MOVE = YES;
				CLANG_WARN_UNREACHABLE_CODE = YES;
				CLANG_WARN__DUPLICATE_METHOD_MATCH = YES;
				"CODE_SIGN_IDENTITY[sdk=iphoneos*]" = "iPhone Developer";
				COPY_PHASE_STRIP = NO;
				DEBUG_INFORMATION_FORMAT = "dwarf-with-dsym";
				ENABLE_NS_ASSERTIONS = NO;
				ENABLE_STRICT_OBJC_MSGSEND = YES;
				GCC_C_LANGUAGE_STANDARD = gnu99;
				GCC_NO_COMMON_BLOCKS = YES;
				GCC_WARN_64_TO_32_BIT_CONVERSION = YES;
				GCC_WARN_ABOUT_RETURN_TYPE = YES_ERROR;
				GCC_WARN_UNDECLARED_SELECTOR = YES;
				GCC_WARN_UNINITIALIZED_AUTOS = YES_AGGRESSIVE;
				GCC_WARN_UNUSED_FUNCTION = YES;
				GCC_WARN_UNUSED_VARIABLE = YES;
				IPHONEOS_DEPLOYMENT_TARGET = 10.3;
				MTL_ENABLE_DEBUG_INFO = NO;
				SDKROOT = iphoneos;
				SWIFT_OPTIMIZATION_LEVEL = "-Owholemodule";
				TARGETED_DEVICE_FAMILY = "1,2";
				VALIDATE_PRODUCT = YES;
			};
			name = Release;
		};
		5FE971621F1C9F0A005EDE58 /* Debug */ = {
			isa = XCBuildConfiguration;
			baseConfigurationReference = 0BBB8D9874B006F616E35409 /* Pods-BuildingCenter.debug.xcconfig */;
			buildSettings = {
				ASSETCATALOG_COMPILER_APPICON_NAME = AppIcon;
				CLANG_ENABLE_MODULES = YES;
				DEVELOPMENT_TEAM = 4Y3WSK9PWL;
				INFOPLIST_FILE = BuildingCenter/Info.plist;
				IPHONEOS_DEPLOYMENT_TARGET = 11.0;
				LD_RUNPATH_SEARCH_PATHS = "$(inherited) @executable_path/Frameworks";
				PRODUCT_BUNDLE_IDENTIFIER = org.tabc.living30;
				PRODUCT_NAME = "$(TARGET_NAME)";
				PROVISIONING_PROFILE_SPECIFIER = "";
				SWIFT_OBJC_BRIDGING_HEADER = "BuildingCenter/BuildingCenter-Bridging-Header.h";
				SWIFT_OPTIMIZATION_LEVEL = "-Onone";
				SWIFT_VERSION = 3.0;
			};
			name = Debug;
		};
		5FE971631F1C9F0A005EDE58 /* Release */ = {
			isa = XCBuildConfiguration;
			baseConfigurationReference = D3020C857404765C33CFC69D /* Pods-BuildingCenter.release.xcconfig */;
			buildSettings = {
				ASSETCATALOG_COMPILER_APPICON_NAME = AppIcon;
				CLANG_ENABLE_MODULES = YES;
				DEVELOPMENT_TEAM = P7Y2HNH4ZD;
				INFOPLIST_FILE = BuildingCenter/Info.plist;
				IPHONEOS_DEPLOYMENT_TARGET = 11.0;
				LD_RUNPATH_SEARCH_PATHS = "$(inherited) @executable_path/Frameworks";
				PRODUCT_BUNDLE_IDENTIFIER = org.tabc.living30;
				PRODUCT_NAME = "$(TARGET_NAME)";
				PROVISIONING_PROFILE_SPECIFIER = "";
				SWIFT_OBJC_BRIDGING_HEADER = "BuildingCenter/BuildingCenter-Bridging-Header.h";
				SWIFT_VERSION = 3.0;
			};
			name = Release;
		};
		5FE971651F1C9F0A005EDE58 /* Debug */ = {
			isa = XCBuildConfiguration;
			baseConfigurationReference = 0259BAA4781C8754985C0278 /* Pods-BuildingCenterTests.debug.xcconfig */;
			buildSettings = {
				ALWAYS_EMBED_SWIFT_STANDARD_LIBRARIES = YES;
				BUNDLE_LOADER = "$(TEST_HOST)";
				DEVELOPMENT_TEAM = 2HZL76C8HX;
				INFOPLIST_FILE = BuildingCenterTests/Info.plist;
				LD_RUNPATH_SEARCH_PATHS = "$(inherited) @executable_path/Frameworks @loader_path/Frameworks";
				PRODUCT_BUNDLE_IDENTIFIER = ruei.BuildingCenterTests;
				PRODUCT_NAME = "$(TARGET_NAME)";
				SWIFT_VERSION = 3.0;
				TEST_HOST = "$(BUILT_PRODUCTS_DIR)/BuildingCenter.app/BuildingCenter";
			};
			name = Debug;
		};
		5FE971661F1C9F0A005EDE58 /* Release */ = {
			isa = XCBuildConfiguration;
			baseConfigurationReference = FB54794DF16F31D3F1D950B7 /* Pods-BuildingCenterTests.release.xcconfig */;
			buildSettings = {
				ALWAYS_EMBED_SWIFT_STANDARD_LIBRARIES = YES;
				BUNDLE_LOADER = "$(TEST_HOST)";
				DEVELOPMENT_TEAM = 2HZL76C8HX;
				INFOPLIST_FILE = BuildingCenterTests/Info.plist;
				LD_RUNPATH_SEARCH_PATHS = "$(inherited) @executable_path/Frameworks @loader_path/Frameworks";
				PRODUCT_BUNDLE_IDENTIFIER = ruei.BuildingCenterTests;
				PRODUCT_NAME = "$(TARGET_NAME)";
				SWIFT_VERSION = 3.0;
				TEST_HOST = "$(BUILT_PRODUCTS_DIR)/BuildingCenter.app/BuildingCenter";
			};
			name = Release;
		};
		5FE971681F1C9F0A005EDE58 /* Debug */ = {
			isa = XCBuildConfiguration;
			baseConfigurationReference = F39B9B310BEF420CF9DB6750 /* Pods-BuildingCenterUITests.debug.xcconfig */;
			buildSettings = {
				ALWAYS_EMBED_SWIFT_STANDARD_LIBRARIES = YES;
				DEVELOPMENT_TEAM = 2HZL76C8HX;
				INFOPLIST_FILE = BuildingCenterUITests/Info.plist;
				LD_RUNPATH_SEARCH_PATHS = "$(inherited) @executable_path/Frameworks @loader_path/Frameworks";
				PRODUCT_BUNDLE_IDENTIFIER = ruei.BuildingCenterUITests;
				PRODUCT_NAME = "$(TARGET_NAME)";
				SWIFT_VERSION = 3.0;
				TEST_TARGET_NAME = BuildingCenter;
			};
			name = Debug;
		};
		5FE971691F1C9F0A005EDE58 /* Release */ = {
			isa = XCBuildConfiguration;
			baseConfigurationReference = 230B9AA56509C017F855A511 /* Pods-BuildingCenterUITests.release.xcconfig */;
			buildSettings = {
				ALWAYS_EMBED_SWIFT_STANDARD_LIBRARIES = YES;
				DEVELOPMENT_TEAM = 2HZL76C8HX;
				INFOPLIST_FILE = BuildingCenterUITests/Info.plist;
				LD_RUNPATH_SEARCH_PATHS = "$(inherited) @executable_path/Frameworks @loader_path/Frameworks";
				PRODUCT_BUNDLE_IDENTIFIER = ruei.BuildingCenterUITests;
				PRODUCT_NAME = "$(TARGET_NAME)";
				SWIFT_VERSION = 3.0;
				TEST_TARGET_NAME = BuildingCenter;
			};
			name = Release;
		};
/* End XCBuildConfiguration section */

/* Begin XCConfigurationList section */
		5FE971341F1C9F09005EDE58 /* Build configuration list for PBXProject "BuildingCenter" */ = {
			isa = XCConfigurationList;
			buildConfigurations = (
				5FE9715F1F1C9F0A005EDE58 /* Debug */,
				5FE971601F1C9F0A005EDE58 /* Release */,
			);
			defaultConfigurationIsVisible = 0;
			defaultConfigurationName = Release;
		};
		5FE971611F1C9F0A005EDE58 /* Build configuration list for PBXNativeTarget "BuildingCenter" */ = {
			isa = XCConfigurationList;
			buildConfigurations = (
				5FE971621F1C9F0A005EDE58 /* Debug */,
				5FE971631F1C9F0A005EDE58 /* Release */,
			);
			defaultConfigurationIsVisible = 0;
			defaultConfigurationName = Release;
		};
		5FE971641F1C9F0A005EDE58 /* Build configuration list for PBXNativeTarget "BuildingCenterTests" */ = {
			isa = XCConfigurationList;
			buildConfigurations = (
				5FE971651F1C9F0A005EDE58 /* Debug */,
				5FE971661F1C9F0A005EDE58 /* Release */,
			);
			defaultConfigurationIsVisible = 0;
			defaultConfigurationName = Release;
		};
		5FE971671F1C9F0A005EDE58 /* Build configuration list for PBXNativeTarget "BuildingCenterUITests" */ = {
			isa = XCConfigurationList;
			buildConfigurations = (
				5FE971681F1C9F0A005EDE58 /* Debug */,
				5FE971691F1C9F0A005EDE58 /* Release */,
			);
			defaultConfigurationIsVisible = 0;
			defaultConfigurationName = Release;
		};
/* End XCConfigurationList section */
	};
	rootObject = 5FE971311F1C9F09005EDE58 /* Project object */;
}
